
Microsoft Visual Studio Solution File, Format Version 12.00
# Visual Studio Version 16
VisualStudioVersion = 16.0.31410.357
MinimumVisualStudioVersion = 10.0.40219.1
Project("{9A19103F-16F7-4668-BE54-9A1E7A4F7556}") = "SegundoParcialAp2-20180240", "SegundoParcialAp2-20180240.csproj", "{55841C67-373C-4FD6-A2D4-540BF8509C76}"
EndProject
Global
	GlobalSection(SolutionConfigurationPlatforms) = preSolution
		Debug|Any CPU = Debug|Any CPU
		Release|Any CPU = Release|Any CPU
	EndGlobalSection
	GlobalSection(ProjectConfigurationPlatforms) = postSolution
		{55841C67-373C-4FD6-A2D4-540BF8509C76}.Debug|Any CPU.ActiveCfg = Debug|Any CPU
		{55841C67-373C-4FD6-A2D4-540BF8509C76}.Debug|Any CPU.Build.0 = Debug|Any CPU
		{55841C67-373C-4FD6-A2D4-540BF8509C76}.Release|Any CPU.ActiveCfg = Release|Any CPU
		{55841C67-373C-4FD6-A2D4-540BF8509C76}.Release|Any CPU.Build.0 = Release|Any CPU
	EndGlobalSection
	GlobalSection(SolutionProperties) = preSolution
		HideSolutionNode = FALSE
	EndGlobalSection
	GlobalSection(ExtensibilityGlobals) = postSolution
		SolutionGuid = {7562E480-306F-490A-9760-B7C33C481B96}
	EndGlobalSection
EndGlobal
